
Microsoft Visual Studio Solution File, Format Version 12.00
# Visual Studio Version 17
VisualStudioVersion = 17.6.33723.286
MinimumVisualStudioVersion = 10.0.40219.1
Project("{FAE04EC0-301F-11D3-BF4B-00C04F79EFBC}") = "Payspace_Assessment", "Payspace_Assessment\Payspace_Assessment.csproj", "{6C3883BA-3808-4514-92A2-B5215CC15EDF}"
EndProject
Project("{FAE04EC0-301F-11D3-BF4B-00C04F79EFBC}") = "Payspace_Assessment_NUnit", "Payspace_Assessment_NUnit\Payspace_Assessment_NUnit.csproj", "{64024EF9-F9CD-4C1B-9CF6-95DEC4323145}"
EndProject
Global
	GlobalSection(SolutionConfigurationPlatforms) = preSolution
		Debug|Any CPU = Debug|Any CPU
		Release|Any CPU = Release|Any CPU
	EndGlobalSection
	GlobalSection(ProjectConfigurationPlatforms) = postSolution
		{6C3883BA-3808-4514-92A2-B5215CC15EDF}.Debug|Any CPU.ActiveCfg = Debug|Any CPU
		{6C3883BA-3808-4514-92A2-B5215CC15EDF}.Debug|Any CPU.Build.0 = Debug|Any CPU
		{6C3883BA-3808-4514-92A2-B5215CC15EDF}.Release|Any CPU.ActiveCfg = Release|Any CPU
		{6C3883BA-3808-4514-92A2-B5215CC15EDF}.Release|Any CPU.Build.0 = Release|Any CPU
		{64024EF9-F9CD-4C1B-9CF6-95DEC4323145}.Debug|Any CPU.ActiveCfg = Debug|Any CPU
		{64024EF9-F9CD-4C1B-9CF6-95DEC4323145}.Debug|Any CPU.Build.0 = Debug|Any CPU
		{64024EF9-F9CD-4C1B-9CF6-95DEC4323145}.Release|Any CPU.ActiveCfg = Release|Any CPU
		{64024EF9-F9CD-4C1B-9CF6-95DEC4323145}.Release|Any CPU.Build.0 = Release|Any CPU
	EndGlobalSection
	GlobalSection(SolutionProperties) = preSolution
		HideSolutionNode = FALSE
	EndGlobalSection
	GlobalSection(ExtensibilityGlobals) = postSolution
		SolutionGuid = {53DAF0FE-12ED-443D-ADDD-51B5EC82F63E}
	EndGlobalSection
EndGlobal
